
Microsoft Visual Studio Solution File, Format Version 12.00
# Visual Studio 15
VisualStudioVersion = 15.0.27130.2010
MinimumVisualStudioVersion = 10.0.40219.1
Project("{9A19103F-16F7-4668-BE54-9A1E7A4F7556}") = "VehicleStatus", "vehicleStatus\VehicleStatus.csproj", "{3B9D2950-B13F-4043-89EE-20716DE3DE2E}"
EndProject
Project("{E53339B2-1760-4266-BCC7-CA923CBCF16C}") = "docker-compose", "docker-compose.dcproj", "{ACEB3273-6757-4282-BBF3-79ED7747F763}"
EndProject
Project("{FAE04EC0-301F-11D3-BF4B-00C04F79EFBC}") = "DomainModels", "DomainModels\DomainModels.csproj", "{2C95CCDB-C712-4D76-8996-526B2F36295A}"
EndProject
Project("{9A19103F-16F7-4668-BE54-9A1E7A4F7556}") = "VehicleStatusTests", "vehicleStatusTests\VehicleStatusTests.csproj", "{6C4E142E-46C0-46A5-B30B-7C682E0D4938}"
EndProject
Global
	GlobalSection(SolutionConfigurationPlatforms) = preSolution
		Debug|Any CPU = Debug|Any CPU
		Release|Any CPU = Release|Any CPU
	EndGlobalSection
	GlobalSection(ProjectConfigurationPlatforms) = postSolution
		{3B9D2950-B13F-4043-89EE-20716DE3DE2E}.Debug|Any CPU.ActiveCfg = Debug|Any CPU
		{3B9D2950-B13F-4043-89EE-20716DE3DE2E}.Debug|Any CPU.Build.0 = Debug|Any CPU
		{3B9D2950-B13F-4043-89EE-20716DE3DE2E}.Release|Any CPU.ActiveCfg = Release|Any CPU
		{3B9D2950-B13F-4043-89EE-20716DE3DE2E}.Release|Any CPU.Build.0 = Release|Any CPU
		{ACEB3273-6757-4282-BBF3-79ED7747F763}.Debug|Any CPU.ActiveCfg = Debug|Any CPU
		{ACEB3273-6757-4282-BBF3-79ED7747F763}.Debug|Any CPU.Build.0 = Debug|Any CPU
		{ACEB3273-6757-4282-BBF3-79ED7747F763}.Release|Any CPU.ActiveCfg = Release|Any CPU
		{ACEB3273-6757-4282-BBF3-79ED7747F763}.Release|Any CPU.Build.0 = Release|Any CPU
		{2C95CCDB-C712-4D76-8996-526B2F36295A}.Debug|Any CPU.ActiveCfg = Debug|Any CPU
		{2C95CCDB-C712-4D76-8996-526B2F36295A}.Debug|Any CPU.Build.0 = Debug|Any CPU
		{2C95CCDB-C712-4D76-8996-526B2F36295A}.Release|Any CPU.ActiveCfg = Release|Any CPU
		{2C95CCDB-C712-4D76-8996-526B2F36295A}.Release|Any CPU.Build.0 = Release|Any CPU
		{6C4E142E-46C0-46A5-B30B-7C682E0D4938}.Debug|Any CPU.ActiveCfg = Debug|Any CPU
		{6C4E142E-46C0-46A5-B30B-7C682E0D4938}.Debug|Any CPU.Build.0 = Debug|Any CPU
		{6C4E142E-46C0-46A5-B30B-7C682E0D4938}.Release|Any CPU.ActiveCfg = Release|Any CPU
		{6C4E142E-46C0-46A5-B30B-7C682E0D4938}.Release|Any CPU.Build.0 = Release|Any CPU
	EndGlobalSection
	GlobalSection(SolutionProperties) = preSolution
		HideSolutionNode = FALSE
	EndGlobalSection
	GlobalSection(ExtensibilityGlobals) = postSolution
		SolutionGuid = {107189C0-8946-4CD0-8058-7C9C37B97253}
	EndGlobalSection
EndGlobal
