
Microsoft Visual Studio Solution File, Format Version 12.00
# Visual Studio 15
VisualStudioVersion = 15.0.27130.2010
MinimumVisualStudioVersion = 10.0.40219.1
Project("{E53339B2-1760-4266-BCC7-CA923CBCF16C}") = "docker-compose", "docker-compose.dcproj", "{ACEB3273-6757-4282-BBF3-79ED7747F763}"
EndProject
Project("{9A19103F-16F7-4668-BE54-9A1E7A4F7556}") = "DomainModels", "DomainModels\DomainModels.csproj", "{2C95CCDB-C712-4D76-8996-526B2F36295A}"
EndProject
Project("{2150E333-8FDC-42A3-9474-1A3956D46DE8}") = "Components", "Components", "{33EE945D-0886-4DF6-91FD-735384347B4F}"
EndProject
Project("{9A19103F-16F7-4668-BE54-9A1E7A4F7556}") = "Tracking", "Tracking\Tracking.csproj", "{4D284B39-E250-41CE-8D9A-B38DBDEB3E92}"
EndProject
Project("{9A19103F-16F7-4668-BE54-9A1E7A4F7556}") = "TrackingTests", "TrackingTests\TrackingTests.csproj", "{D82822BB-C2AC-484A-9982-50C15D0CCBDC}"
EndProject
Project("{9A19103F-16F7-4668-BE54-9A1E7A4F7556}") = "Vehicle", "Vehicle\Vehicle.csproj", "{8AB80F13-081A-470E-86C3-783F68D873CA}"
EndProject
Project("{9A19103F-16F7-4668-BE54-9A1E7A4F7556}") = "VehicleTests", "VehicleTests\VehicleTests.csproj", "{E67F8516-EB60-4289-9701-5732361AB742}"
EndProject
Project("{9A19103F-16F7-4668-BE54-9A1E7A4F7556}") = "Customer", "Customer\Customer.csproj", "{68AA7A32-D7F1-494C-A17F-1A342DD56C88}"
EndProject
Project("{9A19103F-16F7-4668-BE54-9A1E7A4F7556}") = "CustomerTests", "CustomerTests\CustomerTests.csproj", "{3DE43701-DA86-4305-8845-F18F437FB11D}"
EndProject
Project("{9A19103F-16F7-4668-BE54-9A1E7A4F7556}") = "Ping", "Ping\Ping.csproj", "{F63169C6-706B-47FC-B581-5269458D6287}"
EndProject
Project("{9A19103F-16F7-4668-BE54-9A1E7A4F7556}") = "PingTests", "PingTests\PingTests.csproj", "{B7996EF7-3AC9-47AB-859D-CC4B3AA79E78}"
EndProject
Project("{9A19103F-16F7-4668-BE54-9A1E7A4F7556}") = "EventSourcingMiddleware", "EventSourcingMiddleware\EventSourcingMiddleware.csproj", "{6E004F55-8DEB-43BA-B2FC-6890A3B0CBAD}"
EndProject
Project("{9A19103F-16F7-4668-BE54-9A1E7A4F7556}") = "BuildingAspects", "Components\BuildingAspects\BuildingAspects.csproj", "{51E7A0CE-4E7E-48D1-9B9E-2E2C065F3952}"
EndProject
Project("{9A19103F-16F7-4668-BE54-9A1E7A4F7556}") = "BackgroundMiddleware", "Components\BackgroundMiddleware\BackgroundMiddleware.csproj", "{AF0C899A-0940-4F19-A5D6-DB95818A2D6A}"
EndProject
Global
	GlobalSection(SolutionConfigurationPlatforms) = preSolution
		Debug|Any CPU = Debug|Any CPU
		Release|Any CPU = Release|Any CPU
	EndGlobalSection
	GlobalSection(ProjectConfigurationPlatforms) = postSolution
		{ACEB3273-6757-4282-BBF3-79ED7747F763}.Debug|Any CPU.ActiveCfg = Debug|Any CPU
		{ACEB3273-6757-4282-BBF3-79ED7747F763}.Debug|Any CPU.Build.0 = Debug|Any CPU
		{ACEB3273-6757-4282-BBF3-79ED7747F763}.Release|Any CPU.ActiveCfg = Release|Any CPU
		{ACEB3273-6757-4282-BBF3-79ED7747F763}.Release|Any CPU.Build.0 = Release|Any CPU
		{2C95CCDB-C712-4D76-8996-526B2F36295A}.Debug|Any CPU.ActiveCfg = Debug|Any CPU
		{2C95CCDB-C712-4D76-8996-526B2F36295A}.Debug|Any CPU.Build.0 = Debug|Any CPU
		{2C95CCDB-C712-4D76-8996-526B2F36295A}.Release|Any CPU.ActiveCfg = Release|Any CPU
		{2C95CCDB-C712-4D76-8996-526B2F36295A}.Release|Any CPU.Build.0 = Release|Any CPU
		{4D284B39-E250-41CE-8D9A-B38DBDEB3E92}.Debug|Any CPU.ActiveCfg = Debug|Any CPU
		{4D284B39-E250-41CE-8D9A-B38DBDEB3E92}.Debug|Any CPU.Build.0 = Debug|Any CPU
		{4D284B39-E250-41CE-8D9A-B38DBDEB3E92}.Release|Any CPU.ActiveCfg = Release|Any CPU
		{4D284B39-E250-41CE-8D9A-B38DBDEB3E92}.Release|Any CPU.Build.0 = Release|Any CPU
		{D82822BB-C2AC-484A-9982-50C15D0CCBDC}.Debug|Any CPU.ActiveCfg = Debug|Any CPU
		{D82822BB-C2AC-484A-9982-50C15D0CCBDC}.Debug|Any CPU.Build.0 = Debug|Any CPU
		{D82822BB-C2AC-484A-9982-50C15D0CCBDC}.Release|Any CPU.ActiveCfg = Release|Any CPU
		{D82822BB-C2AC-484A-9982-50C15D0CCBDC}.Release|Any CPU.Build.0 = Release|Any CPU
		{8AB80F13-081A-470E-86C3-783F68D873CA}.Debug|Any CPU.ActiveCfg = Debug|Any CPU
		{8AB80F13-081A-470E-86C3-783F68D873CA}.Debug|Any CPU.Build.0 = Debug|Any CPU
		{8AB80F13-081A-470E-86C3-783F68D873CA}.Release|Any CPU.ActiveCfg = Release|Any CPU
		{8AB80F13-081A-470E-86C3-783F68D873CA}.Release|Any CPU.Build.0 = Release|Any CPU
		{E67F8516-EB60-4289-9701-5732361AB742}.Debug|Any CPU.ActiveCfg = Debug|Any CPU
		{E67F8516-EB60-4289-9701-5732361AB742}.Debug|Any CPU.Build.0 = Debug|Any CPU
		{E67F8516-EB60-4289-9701-5732361AB742}.Release|Any CPU.ActiveCfg = Release|Any CPU
		{E67F8516-EB60-4289-9701-5732361AB742}.Release|Any CPU.Build.0 = Release|Any CPU
		{68AA7A32-D7F1-494C-A17F-1A342DD56C88}.Debug|Any CPU.ActiveCfg = Debug|Any CPU
		{68AA7A32-D7F1-494C-A17F-1A342DD56C88}.Debug|Any CPU.Build.0 = Debug|Any CPU
		{68AA7A32-D7F1-494C-A17F-1A342DD56C88}.Release|Any CPU.ActiveCfg = Release|Any CPU
		{68AA7A32-D7F1-494C-A17F-1A342DD56C88}.Release|Any CPU.Build.0 = Release|Any CPU
		{3DE43701-DA86-4305-8845-F18F437FB11D}.Debug|Any CPU.ActiveCfg = Debug|Any CPU
		{3DE43701-DA86-4305-8845-F18F437FB11D}.Debug|Any CPU.Build.0 = Debug|Any CPU
		{3DE43701-DA86-4305-8845-F18F437FB11D}.Release|Any CPU.ActiveCfg = Release|Any CPU
		{3DE43701-DA86-4305-8845-F18F437FB11D}.Release|Any CPU.Build.0 = Release|Any CPU
		{F63169C6-706B-47FC-B581-5269458D6287}.Debug|Any CPU.ActiveCfg = Debug|Any CPU
		{F63169C6-706B-47FC-B581-5269458D6287}.Debug|Any CPU.Build.0 = Debug|Any CPU
		{F63169C6-706B-47FC-B581-5269458D6287}.Release|Any CPU.ActiveCfg = Release|Any CPU
		{F63169C6-706B-47FC-B581-5269458D6287}.Release|Any CPU.Build.0 = Release|Any CPU
		{B7996EF7-3AC9-47AB-859D-CC4B3AA79E78}.Debug|Any CPU.ActiveCfg = Debug|Any CPU
		{B7996EF7-3AC9-47AB-859D-CC4B3AA79E78}.Debug|Any CPU.Build.0 = Debug|Any CPU
		{B7996EF7-3AC9-47AB-859D-CC4B3AA79E78}.Release|Any CPU.ActiveCfg = Release|Any CPU
		{B7996EF7-3AC9-47AB-859D-CC4B3AA79E78}.Release|Any CPU.Build.0 = Release|Any CPU
		{6E004F55-8DEB-43BA-B2FC-6890A3B0CBAD}.Debug|Any CPU.ActiveCfg = Debug|Any CPU
		{6E004F55-8DEB-43BA-B2FC-6890A3B0CBAD}.Debug|Any CPU.Build.0 = Debug|Any CPU
		{6E004F55-8DEB-43BA-B2FC-6890A3B0CBAD}.Release|Any CPU.ActiveCfg = Release|Any CPU
		{6E004F55-8DEB-43BA-B2FC-6890A3B0CBAD}.Release|Any CPU.Build.0 = Release|Any CPU
		{51E7A0CE-4E7E-48D1-9B9E-2E2C065F3952}.Debug|Any CPU.ActiveCfg = Debug|Any CPU
		{51E7A0CE-4E7E-48D1-9B9E-2E2C065F3952}.Debug|Any CPU.Build.0 = Debug|Any CPU
		{51E7A0CE-4E7E-48D1-9B9E-2E2C065F3952}.Release|Any CPU.ActiveCfg = Release|Any CPU
		{51E7A0CE-4E7E-48D1-9B9E-2E2C065F3952}.Release|Any CPU.Build.0 = Release|Any CPU
		{AF0C899A-0940-4F19-A5D6-DB95818A2D6A}.Debug|Any CPU.ActiveCfg = Debug|Any CPU
		{AF0C899A-0940-4F19-A5D6-DB95818A2D6A}.Debug|Any CPU.Build.0 = Debug|Any CPU
		{AF0C899A-0940-4F19-A5D6-DB95818A2D6A}.Release|Any CPU.ActiveCfg = Release|Any CPU
		{AF0C899A-0940-4F19-A5D6-DB95818A2D6A}.Release|Any CPU.Build.0 = Release|Any CPU
	EndGlobalSection
	GlobalSection(SolutionProperties) = preSolution
		HideSolutionNode = FALSE
	EndGlobalSection
	GlobalSection(NestedProjects) = preSolution
		{51E7A0CE-4E7E-48D1-9B9E-2E2C065F3952} = {33EE945D-0886-4DF6-91FD-735384347B4F}
		{AF0C899A-0940-4F19-A5D6-DB95818A2D6A} = {33EE945D-0886-4DF6-91FD-735384347B4F}
	EndGlobalSection
	GlobalSection(ExtensibilityGlobals) = postSolution
		SolutionGuid = {107189C0-8946-4CD0-8058-7C9C37B97253}
	EndGlobalSection
EndGlobal
