
Microsoft Visual Studio Solution File, Format Version 12.00
# Visual Studio 15
VisualStudioVersion = 15.0.27130.2027
MinimumVisualStudioVersion = 10.0.40219.1
Project("{E53339B2-1760-4266-BCC7-CA923CBCF16C}") = "docker-compose", "docker-compose.dcproj", "{ACEB3273-6757-4282-BBF3-79ED7747F763}"
EndProject
Project("{2150E333-8FDC-42A3-9474-1A3956D46DE8}") = "Components", "Components", "{33EE945D-0886-4DF6-91FD-735384347B4F}"
EndProject
Project("{FAE04EC0-301F-11D3-BF4B-00C04F79EFBC}") = "Tracking", "Tracking\Tracking.csproj", "{4D284B39-E250-41CE-8D9A-B38DBDEB3E92}"
EndProject
Project("{FAE04EC0-301F-11D3-BF4B-00C04F79EFBC}") = "TrackingTests", "TrackingTests\TrackingTests.csproj", "{D82822BB-C2AC-484A-9982-50C15D0CCBDC}"
EndProject
Project("{FAE04EC0-301F-11D3-BF4B-00C04F79EFBC}") = "Vehicle", "Vehicle\Vehicle.csproj", "{8AB80F13-081A-470E-86C3-783F68D873CA}"
EndProject
Project("{FAE04EC0-301F-11D3-BF4B-00C04F79EFBC}") = "VehicleTests", "VehicleTests\VehicleTests.csproj", "{E67F8516-EB60-4289-9701-5732361AB742}"
EndProject
Project("{FAE04EC0-301F-11D3-BF4B-00C04F79EFBC}") = "Customer", "Customer\Customer.csproj", "{68AA7A32-D7F1-494C-A17F-1A342DD56C88}"
EndProject
Project("{FAE04EC0-301F-11D3-BF4B-00C04F79EFBC}") = "CustomerTests", "CustomerTests\CustomerTests.csproj", "{3DE43701-DA86-4305-8845-F18F437FB11D}"
EndProject
Project("{FAE04EC0-301F-11D3-BF4B-00C04F79EFBC}") = "Ping", "Ping\Ping.csproj", "{F63169C6-706B-47FC-B581-5269458D6287}"
EndProject
Project("{FAE04EC0-301F-11D3-BF4B-00C04F79EFBC}") = "BuildingAspects", "Components\BuildingAspects\BuildingAspects.csproj", "{51E7A0CE-4E7E-48D1-9B9E-2E2C065F3952}"
EndProject
Project("{FAE04EC0-301F-11D3-BF4B-00C04F79EFBC}") = "BackgroundMiddleware", "Components\BackgroundMiddleware\BackgroundMiddleware.csproj", "{AF0C899A-0940-4F19-A5D6-DB95818A2D6A}"
EndProject
Project("{FAE04EC0-301F-11D3-BF4B-00C04F79EFBC}") = "DomainModels", "DomainModels\DomainModels.csproj", "{6FD9D23D-64A7-45DD-9CD0-E77DC0608A33}"
EndProject
Project("{FAE04EC0-301F-11D3-BF4B-00C04F79EFBC}") = "WebComponents", "Components\WebComponents\WebComponents.csproj", "{26691331-90BD-4BE5-973B-ED48D8C63F03}"
EndProject
Project("{2150E333-8FDC-42A3-9474-1A3956D46DE8}") = "EventSourcing", "EventSourcing", "{04644F22-0498-4538-9874-CC95570DA10E}"
EndProject
Project("{FAE04EC0-301F-11D3-BF4B-00C04F79EFBC}") = "EventSourceingSQLDB", "EventSourcing\EventSourceingSqlDb\EventSourceingSQLDB.csproj", "{2E2B07EA-8BFD-4376-A126-64060A806BE1}"
EndProject
Project("{FAE04EC0-301F-11D3-BF4B-00C04F79EFBC}") = "EventSourcingMiddleware", "EventSourcing\EventSourcingMiddleware\EventSourcingMiddleware.csproj", "{00EB5FE7-AF40-4458-A5C6-9B84EEE87007}"
EndProject
Project("{FAE04EC0-301F-11D3-BF4B-00C04F79EFBC}") = "EventSourceingSQLDBTests", "EventSourcing\EventSourceingSqlDbTests\EventSourceingSQLDBTests.csproj", "{33BE6160-38E0-43AB-B69F-1AEFE75EC4C6}"
EndProject
Project("{FAE04EC0-301F-11D3-BF4B-00C04F79EFBC}") = "PingTests", "PingTests\PingTests.csproj", "{232CE2DB-25A2-4470-908D-BA56C1D3B211}"
EndProject
Project("{FAE04EC0-301F-11D3-BF4B-00C04F79EFBC}") = "RedisCacheAdapter", "Components\RedisCacheAdapter\RedisCacheAdapter.csproj", "{67E121C2-39B0-4EF3-A5C7-AD9700F6973E}"
EndProject
Project("{2150E333-8FDC-42A3-9474-1A3956D46DE8}") = "PingService", "PingService", "{5AA7B517-BEAE-4CBE-A6FE-63A9D354491C}"
EndProject
Project("{2150E333-8FDC-42A3-9474-1A3956D46DE8}") = "VehicleService", "VehicleService", "{6D37FDDB-771C-492E-82FA-469F1CB18C2A}"
EndProject
Project("{2150E333-8FDC-42A3-9474-1A3956D46DE8}") = "CustomerService", "CustomerService", "{965214DD-876A-4559-9731-1CE5148C3026}"
EndProject
Project("{2150E333-8FDC-42A3-9474-1A3956D46DE8}") = "TrackingService", "TrackingService", "{A132457C-1967-4BA3-A1AA-FA1D1C5EE904}"
EndProject
Project("{FAE04EC0-301F-11D3-BF4B-00C04F79EFBC}") = "VehicleSQLDB", "..\VehicleSQLDB\VehicleSQLDB.csproj", "{11D856DA-830C-4F9A-95DC-DCB16E506584}"
EndProject
Project("{FAE04EC0-301F-11D3-BF4B-00C04F79EFBC}") = "CustomerSQLDB", "CustomerSQLDB\CustomerSQLDB.csproj", "{51F59233-B6A3-4070-95B0-6C98A3BBDD9F}"
EndProject
Project("{FAE04EC0-301F-11D3-BF4B-00C04F79EFBC}") = "TrackingSQLDB", "TrackingSQLDB\TrackingSQLDB.csproj", "{56D5D06F-41B0-4463-B19D-DC610971FCA5}"
EndProject
Project("{FAE04EC0-301F-11D3-BF4B-00C04F79EFBC}") = "BaseSQLDB", "Components\BaseEntitySQLDB\BaseSQLDB.csproj", "{5C1EDB06-85DE-4243-8E9F-F3ED42D703AE}"
EndProject
Global
	GlobalSection(SolutionConfigurationPlatforms) = preSolution
		Debug|Any CPU = Debug|Any CPU
		Release|Any CPU = Release|Any CPU
	EndGlobalSection
	GlobalSection(ProjectConfigurationPlatforms) = postSolution
		{ACEB3273-6757-4282-BBF3-79ED7747F763}.Debug|Any CPU.ActiveCfg = Debug|Any CPU
		{ACEB3273-6757-4282-BBF3-79ED7747F763}.Debug|Any CPU.Build.0 = Debug|Any CPU
		{ACEB3273-6757-4282-BBF3-79ED7747F763}.Release|Any CPU.ActiveCfg = Release|Any CPU
		{ACEB3273-6757-4282-BBF3-79ED7747F763}.Release|Any CPU.Build.0 = Release|Any CPU
		{4D284B39-E250-41CE-8D9A-B38DBDEB3E92}.Debug|Any CPU.ActiveCfg = Debug|Any CPU
		{4D284B39-E250-41CE-8D9A-B38DBDEB3E92}.Debug|Any CPU.Build.0 = Debug|Any CPU
		{4D284B39-E250-41CE-8D9A-B38DBDEB3E92}.Release|Any CPU.ActiveCfg = Release|Any CPU
		{4D284B39-E250-41CE-8D9A-B38DBDEB3E92}.Release|Any CPU.Build.0 = Release|Any CPU
		{D82822BB-C2AC-484A-9982-50C15D0CCBDC}.Debug|Any CPU.ActiveCfg = Debug|Any CPU
		{D82822BB-C2AC-484A-9982-50C15D0CCBDC}.Debug|Any CPU.Build.0 = Debug|Any CPU
		{D82822BB-C2AC-484A-9982-50C15D0CCBDC}.Release|Any CPU.ActiveCfg = Release|Any CPU
		{D82822BB-C2AC-484A-9982-50C15D0CCBDC}.Release|Any CPU.Build.0 = Release|Any CPU
		{8AB80F13-081A-470E-86C3-783F68D873CA}.Debug|Any CPU.ActiveCfg = Debug|Any CPU
		{8AB80F13-081A-470E-86C3-783F68D873CA}.Debug|Any CPU.Build.0 = Debug|Any CPU
		{8AB80F13-081A-470E-86C3-783F68D873CA}.Release|Any CPU.ActiveCfg = Release|Any CPU
		{8AB80F13-081A-470E-86C3-783F68D873CA}.Release|Any CPU.Build.0 = Release|Any CPU
		{E67F8516-EB60-4289-9701-5732361AB742}.Debug|Any CPU.ActiveCfg = Debug|Any CPU
		{E67F8516-EB60-4289-9701-5732361AB742}.Debug|Any CPU.Build.0 = Debug|Any CPU
		{E67F8516-EB60-4289-9701-5732361AB742}.Release|Any CPU.ActiveCfg = Release|Any CPU
		{E67F8516-EB60-4289-9701-5732361AB742}.Release|Any CPU.Build.0 = Release|Any CPU
		{68AA7A32-D7F1-494C-A17F-1A342DD56C88}.Debug|Any CPU.ActiveCfg = Debug|Any CPU
		{68AA7A32-D7F1-494C-A17F-1A342DD56C88}.Debug|Any CPU.Build.0 = Debug|Any CPU
		{68AA7A32-D7F1-494C-A17F-1A342DD56C88}.Release|Any CPU.ActiveCfg = Release|Any CPU
		{68AA7A32-D7F1-494C-A17F-1A342DD56C88}.Release|Any CPU.Build.0 = Release|Any CPU
		{3DE43701-DA86-4305-8845-F18F437FB11D}.Debug|Any CPU.ActiveCfg = Debug|Any CPU
		{3DE43701-DA86-4305-8845-F18F437FB11D}.Debug|Any CPU.Build.0 = Debug|Any CPU
		{3DE43701-DA86-4305-8845-F18F437FB11D}.Release|Any CPU.ActiveCfg = Release|Any CPU
		{3DE43701-DA86-4305-8845-F18F437FB11D}.Release|Any CPU.Build.0 = Release|Any CPU
		{F63169C6-706B-47FC-B581-5269458D6287}.Debug|Any CPU.ActiveCfg = Debug|Any CPU
		{F63169C6-706B-47FC-B581-5269458D6287}.Debug|Any CPU.Build.0 = Debug|Any CPU
		{F63169C6-706B-47FC-B581-5269458D6287}.Release|Any CPU.ActiveCfg = Release|Any CPU
		{F63169C6-706B-47FC-B581-5269458D6287}.Release|Any CPU.Build.0 = Release|Any CPU
		{51E7A0CE-4E7E-48D1-9B9E-2E2C065F3952}.Debug|Any CPU.ActiveCfg = Debug|Any CPU
		{51E7A0CE-4E7E-48D1-9B9E-2E2C065F3952}.Debug|Any CPU.Build.0 = Debug|Any CPU
		{51E7A0CE-4E7E-48D1-9B9E-2E2C065F3952}.Release|Any CPU.ActiveCfg = Release|Any CPU
		{51E7A0CE-4E7E-48D1-9B9E-2E2C065F3952}.Release|Any CPU.Build.0 = Release|Any CPU
		{AF0C899A-0940-4F19-A5D6-DB95818A2D6A}.Debug|Any CPU.ActiveCfg = Debug|Any CPU
		{AF0C899A-0940-4F19-A5D6-DB95818A2D6A}.Debug|Any CPU.Build.0 = Debug|Any CPU
		{AF0C899A-0940-4F19-A5D6-DB95818A2D6A}.Release|Any CPU.ActiveCfg = Release|Any CPU
		{AF0C899A-0940-4F19-A5D6-DB95818A2D6A}.Release|Any CPU.Build.0 = Release|Any CPU
		{6FD9D23D-64A7-45DD-9CD0-E77DC0608A33}.Debug|Any CPU.ActiveCfg = Debug|Any CPU
		{6FD9D23D-64A7-45DD-9CD0-E77DC0608A33}.Debug|Any CPU.Build.0 = Debug|Any CPU
		{6FD9D23D-64A7-45DD-9CD0-E77DC0608A33}.Release|Any CPU.ActiveCfg = Release|Any CPU
		{6FD9D23D-64A7-45DD-9CD0-E77DC0608A33}.Release|Any CPU.Build.0 = Release|Any CPU
		{26691331-90BD-4BE5-973B-ED48D8C63F03}.Debug|Any CPU.ActiveCfg = Debug|Any CPU
		{26691331-90BD-4BE5-973B-ED48D8C63F03}.Debug|Any CPU.Build.0 = Debug|Any CPU
		{26691331-90BD-4BE5-973B-ED48D8C63F03}.Release|Any CPU.ActiveCfg = Release|Any CPU
		{26691331-90BD-4BE5-973B-ED48D8C63F03}.Release|Any CPU.Build.0 = Release|Any CPU
		{2E2B07EA-8BFD-4376-A126-64060A806BE1}.Debug|Any CPU.ActiveCfg = Debug|Any CPU
		{2E2B07EA-8BFD-4376-A126-64060A806BE1}.Debug|Any CPU.Build.0 = Debug|Any CPU
		{2E2B07EA-8BFD-4376-A126-64060A806BE1}.Release|Any CPU.ActiveCfg = Release|Any CPU
		{2E2B07EA-8BFD-4376-A126-64060A806BE1}.Release|Any CPU.Build.0 = Release|Any CPU
		{00EB5FE7-AF40-4458-A5C6-9B84EEE87007}.Debug|Any CPU.ActiveCfg = Debug|Any CPU
		{00EB5FE7-AF40-4458-A5C6-9B84EEE87007}.Debug|Any CPU.Build.0 = Debug|Any CPU
		{00EB5FE7-AF40-4458-A5C6-9B84EEE87007}.Release|Any CPU.ActiveCfg = Release|Any CPU
		{00EB5FE7-AF40-4458-A5C6-9B84EEE87007}.Release|Any CPU.Build.0 = Release|Any CPU
		{33BE6160-38E0-43AB-B69F-1AEFE75EC4C6}.Debug|Any CPU.ActiveCfg = Debug|Any CPU
		{33BE6160-38E0-43AB-B69F-1AEFE75EC4C6}.Debug|Any CPU.Build.0 = Debug|Any CPU
		{33BE6160-38E0-43AB-B69F-1AEFE75EC4C6}.Release|Any CPU.ActiveCfg = Release|Any CPU
		{33BE6160-38E0-43AB-B69F-1AEFE75EC4C6}.Release|Any CPU.Build.0 = Release|Any CPU
		{232CE2DB-25A2-4470-908D-BA56C1D3B211}.Debug|Any CPU.ActiveCfg = Debug|Any CPU
		{232CE2DB-25A2-4470-908D-BA56C1D3B211}.Debug|Any CPU.Build.0 = Debug|Any CPU
		{232CE2DB-25A2-4470-908D-BA56C1D3B211}.Release|Any CPU.ActiveCfg = Release|Any CPU
		{232CE2DB-25A2-4470-908D-BA56C1D3B211}.Release|Any CPU.Build.0 = Release|Any CPU
		{67E121C2-39B0-4EF3-A5C7-AD9700F6973E}.Debug|Any CPU.ActiveCfg = Debug|Any CPU
		{67E121C2-39B0-4EF3-A5C7-AD9700F6973E}.Debug|Any CPU.Build.0 = Debug|Any CPU
		{67E121C2-39B0-4EF3-A5C7-AD9700F6973E}.Release|Any CPU.ActiveCfg = Release|Any CPU
		{67E121C2-39B0-4EF3-A5C7-AD9700F6973E}.Release|Any CPU.Build.0 = Release|Any CPU
		{11D856DA-830C-4F9A-95DC-DCB16E506584}.Debug|Any CPU.ActiveCfg = Debug|Any CPU
		{11D856DA-830C-4F9A-95DC-DCB16E506584}.Debug|Any CPU.Build.0 = Debug|Any CPU
		{11D856DA-830C-4F9A-95DC-DCB16E506584}.Release|Any CPU.ActiveCfg = Release|Any CPU
		{11D856DA-830C-4F9A-95DC-DCB16E506584}.Release|Any CPU.Build.0 = Release|Any CPU
		{51F59233-B6A3-4070-95B0-6C98A3BBDD9F}.Debug|Any CPU.ActiveCfg = Debug|Any CPU
		{51F59233-B6A3-4070-95B0-6C98A3BBDD9F}.Debug|Any CPU.Build.0 = Debug|Any CPU
		{51F59233-B6A3-4070-95B0-6C98A3BBDD9F}.Release|Any CPU.ActiveCfg = Release|Any CPU
		{51F59233-B6A3-4070-95B0-6C98A3BBDD9F}.Release|Any CPU.Build.0 = Release|Any CPU
		{56D5D06F-41B0-4463-B19D-DC610971FCA5}.Debug|Any CPU.ActiveCfg = Debug|Any CPU
		{56D5D06F-41B0-4463-B19D-DC610971FCA5}.Debug|Any CPU.Build.0 = Debug|Any CPU
		{56D5D06F-41B0-4463-B19D-DC610971FCA5}.Release|Any CPU.ActiveCfg = Release|Any CPU
		{56D5D06F-41B0-4463-B19D-DC610971FCA5}.Release|Any CPU.Build.0 = Release|Any CPU
		{5C1EDB06-85DE-4243-8E9F-F3ED42D703AE}.Debug|Any CPU.ActiveCfg = Debug|Any CPU
		{5C1EDB06-85DE-4243-8E9F-F3ED42D703AE}.Debug|Any CPU.Build.0 = Debug|Any CPU
		{5C1EDB06-85DE-4243-8E9F-F3ED42D703AE}.Release|Any CPU.ActiveCfg = Release|Any CPU
		{5C1EDB06-85DE-4243-8E9F-F3ED42D703AE}.Release|Any CPU.Build.0 = Release|Any CPU
	EndGlobalSection
	GlobalSection(SolutionProperties) = preSolution
		HideSolutionNode = FALSE
	EndGlobalSection
	GlobalSection(NestedProjects) = preSolution
		{4D284B39-E250-41CE-8D9A-B38DBDEB3E92} = {A132457C-1967-4BA3-A1AA-FA1D1C5EE904}
		{D82822BB-C2AC-484A-9982-50C15D0CCBDC} = {A132457C-1967-4BA3-A1AA-FA1D1C5EE904}
		{8AB80F13-081A-470E-86C3-783F68D873CA} = {6D37FDDB-771C-492E-82FA-469F1CB18C2A}
		{E67F8516-EB60-4289-9701-5732361AB742} = {6D37FDDB-771C-492E-82FA-469F1CB18C2A}
		{68AA7A32-D7F1-494C-A17F-1A342DD56C88} = {965214DD-876A-4559-9731-1CE5148C3026}
		{3DE43701-DA86-4305-8845-F18F437FB11D} = {965214DD-876A-4559-9731-1CE5148C3026}
		{F63169C6-706B-47FC-B581-5269458D6287} = {5AA7B517-BEAE-4CBE-A6FE-63A9D354491C}
		{51E7A0CE-4E7E-48D1-9B9E-2E2C065F3952} = {33EE945D-0886-4DF6-91FD-735384347B4F}
		{AF0C899A-0940-4F19-A5D6-DB95818A2D6A} = {33EE945D-0886-4DF6-91FD-735384347B4F}
		{26691331-90BD-4BE5-973B-ED48D8C63F03} = {33EE945D-0886-4DF6-91FD-735384347B4F}
		{2E2B07EA-8BFD-4376-A126-64060A806BE1} = {04644F22-0498-4538-9874-CC95570DA10E}
		{00EB5FE7-AF40-4458-A5C6-9B84EEE87007} = {04644F22-0498-4538-9874-CC95570DA10E}
		{33BE6160-38E0-43AB-B69F-1AEFE75EC4C6} = {04644F22-0498-4538-9874-CC95570DA10E}
		{232CE2DB-25A2-4470-908D-BA56C1D3B211} = {5AA7B517-BEAE-4CBE-A6FE-63A9D354491C}
		{67E121C2-39B0-4EF3-A5C7-AD9700F6973E} = {33EE945D-0886-4DF6-91FD-735384347B4F}
		{11D856DA-830C-4F9A-95DC-DCB16E506584} = {6D37FDDB-771C-492E-82FA-469F1CB18C2A}
		{51F59233-B6A3-4070-95B0-6C98A3BBDD9F} = {965214DD-876A-4559-9731-1CE5148C3026}
		{56D5D06F-41B0-4463-B19D-DC610971FCA5} = {A132457C-1967-4BA3-A1AA-FA1D1C5EE904}
		{5C1EDB06-85DE-4243-8E9F-F3ED42D703AE} = {33EE945D-0886-4DF6-91FD-735384347B4F}
	EndGlobalSection
	GlobalSection(ExtensibilityGlobals) = postSolution
		SolutionGuid = {107189C0-8946-4CD0-8058-7C9C37B97253}
	EndGlobalSection
EndGlobal
